
Microsoft Visual Studio Solution File, Format Version 12.00
# Visual Studio Version 17
VisualStudioVersion = 17.10.35027.167
MinimumVisualStudioVersion = 10.0.40219.1
Project("{FAE04EC0-301F-11D3-BF4B-00C04F79EFBC}") = "WinFormsApp2", "WinFormsApp2\WinFormsApp2.csproj", "{F2F99764-8B5A-404C-B0B8-B62E0949342A}"
EndProject
Global
	GlobalSection(SolutionConfigurationPlatforms) = preSolution
		Debug|Any CPU = Debug|Any CPU
		Release|Any CPU = Release|Any CPU
	EndGlobalSection
	GlobalSection(ProjectConfigurationPlatforms) = postSolution
		{F2F99764-8B5A-404C-B0B8-B62E0949342A}.Debug|Any CPU.ActiveCfg = Debug|Any CPU
		{F2F99764-8B5A-404C-B0B8-B62E0949342A}.Debug|Any CPU.Build.0 = Debug|Any CPU
		{F2F99764-8B5A-404C-B0B8-B62E0949342A}.Release|Any CPU.ActiveCfg = Release|Any CPU
		{F2F99764-8B5A-404C-B0B8-B62E0949342A}.Release|Any CPU.Build.0 = Release|Any CPU
	EndGlobalSection
	GlobalSection(SolutionProperties) = preSolution
		HideSolutionNode = FALSE
	EndGlobalSection
	GlobalSection(ExtensibilityGlobals) = postSolution
		SolutionGuid = {1B503ED4-03EF-4385-82FE-E32B98AD1BDF}
	EndGlobalSection
EndGlobal
